
Microsoft Visual Studio Solution File, Format Version 12.00
# Visual Studio Version 16
VisualStudioVersion = 16.0.31829.152
MinimumVisualStudioVersion = 10.0.40219.1
Project("{9A19103F-16F7-4668-BE54-9A1E7A4F7556}") = "System.Text.Json.JsonDiffPatch", "System.Text.Json.JsonDiffPatch\System.Text.Json.JsonDiffPatch.csproj", "{2F8D59B0-53DE-4EE7-A704-D3F89A00D9DC}"
EndProject
Project("{2150E333-8FDC-42A3-9474-1A3956D46DE8}") = "test", "test", "{AE524BA2-D5E2-4D5F-BC95-9AA064D46234}"
EndProject
Project("{9A19103F-16F7-4668-BE54-9A1E7A4F7556}") = "System.Text.Json.JsonDiffPatch.UnitTests", "..\test\System.Text.Json.JsonDiffPatch.UnitTests\System.Text.Json.JsonDiffPatch.UnitTests.csproj", "{832E60B1-0225-48B3-9AAD-638A0F5AA15E}"
EndProject
Global
	GlobalSection(SolutionConfigurationPlatforms) = preSolution
		Debug|Any CPU = Debug|Any CPU
		Release|Any CPU = Release|Any CPU
	EndGlobalSection
	GlobalSection(ProjectConfigurationPlatforms) = postSolution
		{2F8D59B0-53DE-4EE7-A704-D3F89A00D9DC}.Debug|Any CPU.ActiveCfg = Debug|Any CPU
		{2F8D59B0-53DE-4EE7-A704-D3F89A00D9DC}.Debug|Any CPU.Build.0 = Debug|Any CPU
		{2F8D59B0-53DE-4EE7-A704-D3F89A00D9DC}.Release|Any CPU.ActiveCfg = Release|Any CPU
		{2F8D59B0-53DE-4EE7-A704-D3F89A00D9DC}.Release|Any CPU.Build.0 = Release|Any CPU
		{832E60B1-0225-48B3-9AAD-638A0F5AA15E}.Debug|Any CPU.ActiveCfg = Debug|Any CPU
		{832E60B1-0225-48B3-9AAD-638A0F5AA15E}.Debug|Any CPU.Build.0 = Debug|Any CPU
		{832E60B1-0225-48B3-9AAD-638A0F5AA15E}.Release|Any CPU.ActiveCfg = Release|Any CPU
		{832E60B1-0225-48B3-9AAD-638A0F5AA15E}.Release|Any CPU.Build.0 = Release|Any CPU
	EndGlobalSection
	GlobalSection(SolutionProperties) = preSolution
		HideSolutionNode = FALSE
	EndGlobalSection
	GlobalSection(NestedProjects) = preSolution
		{832E60B1-0225-48B3-9AAD-638A0F5AA15E} = {AE524BA2-D5E2-4D5F-BC95-9AA064D46234}
	EndGlobalSection
	GlobalSection(ExtensibilityGlobals) = postSolution
		SolutionGuid = {F15DC234-2EF5-47F9-BB66-3C651311A3E5}
	EndGlobalSection
EndGlobal
